{
  "name": "please-practice",
  "version": "1.0.0",
  "lockfileVersion": 2,
  "requires": true,
  "packages": {
    "": {
      "name": "please-practice",
      "version": "1.0.0",
      "license": "ISC",
      "workspaces": [
        "apps/*",
        "packages/*"
      ],
      "devDependencies": {
        "turbo": "^1.6.3"
      }
    },
    "apps/jshello": {
      "name": "@please-practice/jshello",
      "version": "0.0.0",
      "dependencies": {
        "@please-practice/greetings": "*"
      }
    },
    "node_modules/@babel/runtime": {
      "version": "7.20.6",
      "resolved": "https://registry.npmjs.org/@babel/runtime/-/runtime-7.20.6.tgz",
      "integrity": "sha512-Q+8MqP7TiHMWzSfwiJwXCjyf4GYA4Dgw3emg/7xmwsdLJOZUp+nMqcOwOzzYheuM1rhDu8FSj2l0aoMygEuXuA==",
      "dependencies": {
        "regenerator-runtime": "^0.13.11"
      },
      "engines": {
        "node": ">=6.9.0"
      }
    },
    "node_modules/@please-practice/greetings": {
      "resolved": "packages/greetings",
      "link": true
    },
    "node_modules/@please-practice/jshello": {
      "resolved": "apps/jshello",
      "link": true
    },
    "node_modules/i18next": {
      "version": "22.0.6",
      "resolved": "https://registry.npmjs.org/i18next/-/i18next-22.0.6.tgz",
      "integrity": "sha512-RlreNGoPIdDP4QG+qSA9PxZKGwlzmcozbI9ObI6+OyUa/Rp0EjZZA9ubyBjw887zVNZsC+7FI3sXX8oiTzAfig==",
      "funding": [
        {
          "type": "individual",
          "url": "https://locize.com"
        },
        {
          "type": "individual",
          "url": "https://locize.com/i18next.html"
        },
        {
          "type": "individual",
          "url": "https://www.i18next.com/how-to/faq#i18next-is-awesome.-how-can-i-support-the-project"
        }
      ],
      "dependencies": {
        "@babel/runtime": "^7.17.2"
      }
    },
    "node_modules/regenerator-runtime": {
      "version": "0.13.11",
      "resolved": "https://registry.npmjs.org/regenerator-runtime/-/regenerator-runtime-0.13.11.tgz",
      "integrity": "sha512-kY1AZVr2Ra+t+piVaJ4gxaFaReZVH40AKNo7UCX6W+dEwBo/2oZJzqfuN1qLq1oL45o56cPaTXELwrTh8Fpggg=="
    },
    "node_modules/turbo": {
      "version": "1.6.3",
      "resolved": "https://registry.npmjs.org/turbo/-/turbo-1.6.3.tgz",
      "integrity": "sha512-FtfhJLmEEtHveGxW4Ye/QuY85AnZ2ZNVgkTBswoap7UMHB1+oI4diHPNyqrQLG4K1UFtCkjOlVoLsllUh/9QRw==",
      "dev": true,
      "hasInstallScript": true,
      "bin": {
        "turbo": "bin/turbo"
      },
      "optionalDependencies": {
        "turbo-darwin-64": "1.6.3",
        "turbo-darwin-arm64": "1.6.3",
        "turbo-linux-64": "1.6.3",
        "turbo-linux-arm64": "1.6.3",
        "turbo-windows-64": "1.6.3",
        "turbo-windows-arm64": "1.6.3"
      }
    },
    "node_modules/turbo-darwin-64": {
      "version": "1.6.3",
      "resolved": "https://registry.npmjs.org/turbo-darwin-64/-/turbo-darwin-64-1.6.3.tgz",
      "integrity": "sha512-QmDIX0Yh1wYQl0bUS0gGWwNxpJwrzZU2GIAYt3aOKoirWA2ecnyb3R6ludcS1znfNV2MfunP+l8E3ncxUHwtjA==",
      "cpu": [
        "x64"
      ],
      "dev": true,
      "optional": true,
      "os": [
        "darwin"
      ]
    },
    "node_modules/turbo-darwin-arm64": {
      "version": "1.6.3",
      "resolved": "https://registry.npmjs.org/turbo-darwin-arm64/-/turbo-darwin-arm64-1.6.3.tgz",
      "integrity": "sha512-75DXhFpwE7CinBbtxTxH08EcWrxYSPFow3NaeFwsG8aymkWXF+U2aukYHJA6I12n9/dGqf7yRXzkF0S/9UtdyQ==",
      "cpu": [
        "arm64"
      ],
      "dev": true,
      "optional": true,
      "os": [
        "darwin"
      ]
    },
    "node_modules/turbo-linux-64": {
      "version": "1.6.3",
      "resolved": "https://registry.npmjs.org/turbo-linux-64/-/turbo-linux-64-1.6.3.tgz",
      "integrity": "sha512-O9uc6J0yoRPWdPg9THRQi69K6E2iZ98cRHNvus05lZbcPzZTxJYkYGb5iagCmCW/pq6fL4T4oLWAd6evg2LGQA==",
      "cpu": [
        "x64"
      ],
      "dev": true,
      "optional": true,
      "os": [
        "linux"
      ]
    },
    "node_modules/turbo-linux-arm64": {
      "version": "1.6.3",
      "resolved": "https://registry.npmjs.org/turbo-linux-arm64/-/turbo-linux-arm64-1.6.3.tgz",
      "integrity": "sha512-dCy667qqEtZIhulsRTe8hhWQNCJO0i20uHXv7KjLHuFZGCeMbWxB8rsneRoY+blf8+QNqGuXQJxak7ayjHLxiA==",
      "cpu": [
        "arm64"
      ],
      "dev": true,
      "optional": true,
      "os": [
        "linux"
      ]
    },
    "node_modules/turbo-windows-64": {
      "version": "1.6.3",
      "resolved": "https://registry.npmjs.org/turbo-windows-64/-/turbo-windows-64-1.6.3.tgz",
      "integrity": "sha512-lKRqwL3mrVF09b9KySSaOwetehmGknV9EcQTF7d2dxngGYYX1WXoQLjFP9YYH8ZV07oPm+RUOAKSCQuDuMNhiA==",
      "cpu": [
        "x64"
      ],
      "dev": true,
      "optional": true,
      "os": [
        "win32"
      ]
    },
    "node_modules/turbo-windows-arm64": {
      "version": "1.6.3",
      "resolved": "https://registry.npmjs.org/turbo-windows-arm64/-/turbo-windows-arm64-1.6.3.tgz",
      "integrity": "sha512-BXY1sDPEA1DgPwuENvDCD8B7Hb0toscjus941WpL8CVd10hg9pk/MWn9CNgwDO5Q9ks0mw+liDv2EMnleEjeNA==",
      "cpu": [
        "arm64"
      ],
      "dev": true,
      "optional": true,
      "os": [
        "win32"
      ]
    },
    "packages/greetings": {
      "name": "@please-practice/greetings",
      "version": "0.0.0",
      "dependencies": {
        "i18next": "^22.0.6"
      }
    }
  },
  "dependencies": {
    "@babel/runtime": {
      "version": "7.20.6",
      "resolved": "https://registry.npmjs.org/@babel/runtime/-/runtime-7.20.6.tgz",
      "integrity": "sha512-Q+8MqP7TiHMWzSfwiJwXCjyf4GYA4Dgw3emg/7xmwsdLJOZUp+nMqcOwOzzYheuM1rhDu8FSj2l0aoMygEuXuA==",
      "requires": {
        "regenerator-runtime": "^0.13.11"
      }
    },
    "@please-practice/greetings": {
      "version": "file:packages/greetings",
      "requires": {
        "i18next": "^22.0.6"
      }
    },
    "@please-practice/jshello": {
      "version": "file:apps/jshello",
      "requires": {
        "@please-practice/greetings": "*"
      }
    },
    "i18next": {
      "version": "22.0.6",
      "resolved": "https://registry.npmjs.org/i18next/-/i18next-22.0.6.tgz",
      "integrity": "sha512-RlreNGoPIdDP4QG+qSA9PxZKGwlzmcozbI9ObI6+OyUa/Rp0EjZZA9ubyBjw887zVNZsC+7FI3sXX8oiTzAfig==",
      "requires": {
        "@babel/runtime": "^7.17.2"
      }
    },
    "regenerator-runtime": {
      "version": "0.13.11",
      "resolved": "https://registry.npmjs.org/regenerator-runtime/-/regenerator-runtime-0.13.11.tgz",
      "integrity": "sha512-kY1AZVr2Ra+t+piVaJ4gxaFaReZVH40AKNo7UCX6W+dEwBo/2oZJzqfuN1qLq1oL45o56cPaTXELwrTh8Fpggg=="
    },
    "turbo": {
      "version": "1.6.3",
      "resolved": "https://registry.npmjs.org/turbo/-/turbo-1.6.3.tgz",
      "integrity": "sha512-FtfhJLmEEtHveGxW4Ye/QuY85AnZ2ZNVgkTBswoap7UMHB1+oI4diHPNyqrQLG4K1UFtCkjOlVoLsllUh/9QRw==",
      "dev": true,
      "requires": {
        "turbo-darwin-64": "1.6.3",
        "turbo-darwin-arm64": "1.6.3",
        "turbo-linux-64": "1.6.3",
        "turbo-linux-arm64": "1.6.3",
        "turbo-windows-64": "1.6.3",
        "turbo-windows-arm64": "1.6.3"
      }
    },
    "turbo-darwin-64": {
      "version": "1.6.3",
      "resolved": "https://registry.npmjs.org/turbo-darwin-64/-/turbo-darwin-64-1.6.3.tgz",
      "integrity": "sha512-QmDIX0Yh1wYQl0bUS0gGWwNxpJwrzZU2GIAYt3aOKoirWA2ecnyb3R6ludcS1znfNV2MfunP+l8E3ncxUHwtjA==",
      "dev": true,
      "optional": true
    },
    "turbo-darwin-arm64": {
      "version": "1.6.3",
      "resolved": "https://registry.npmjs.org/turbo-darwin-arm64/-/turbo-darwin-arm64-1.6.3.tgz",
      "integrity": "sha512-75DXhFpwE7CinBbtxTxH08EcWrxYSPFow3NaeFwsG8aymkWXF+U2aukYHJA6I12n9/dGqf7yRXzkF0S/9UtdyQ==",
      "dev": true,
      "optional": true
    },
    "turbo-linux-64": {
      "version": "1.6.3",
      "resolved": "https://registry.npmjs.org/turbo-linux-64/-/turbo-linux-64-1.6.3.tgz",
      "integrity": "sha512-O9uc6J0yoRPWdPg9THRQi69K6E2iZ98cRHNvus05lZbcPzZTxJYkYGb5iagCmCW/pq6fL4T4oLWAd6evg2LGQA==",
      "dev": true,
      "optional": true
    },
    "turbo-linux-arm64": {
      "version": "1.6.3",
      "resolved": "https://registry.npmjs.org/turbo-linux-arm64/-/turbo-linux-arm64-1.6.3.tgz",
      "integrity": "sha512-dCy667qqEtZIhulsRTe8hhWQNCJO0i20uHXv7KjLHuFZGCeMbWxB8rsneRoY+blf8+QNqGuXQJxak7ayjHLxiA==",
      "dev": true,
      "optional": true
    },
    "turbo-windows-64": {
      "version": "1.6.3",
      "resolved": "https://registry.npmjs.org/turbo-windows-64/-/turbo-windows-64-1.6.3.tgz",
      "integrity": "sha512-lKRqwL3mrVF09b9KySSaOwetehmGknV9EcQTF7d2dxngGYYX1WXoQLjFP9YYH8ZV07oPm+RUOAKSCQuDuMNhiA==",
      "dev": true,
      "optional": true
    },
    "turbo-windows-arm64": {
      "version": "1.6.3",
      "resolved": "https://registry.npmjs.org/turbo-windows-arm64/-/turbo-windows-arm64-1.6.3.tgz",
      "integrity": "sha512-BXY1sDPEA1DgPwuENvDCD8B7Hb0toscjus941WpL8CVd10hg9pk/MWn9CNgwDO5Q9ks0mw+liDv2EMnleEjeNA==",
      "dev": true,
      "optional": true
    }
  }
}
